
Microsoft Visual Studio Solution File, Format Version 12.00
# Visual Studio 2017
Project("{FAE04EC0-301F-11D3-BF4B-00C04F79EFBC}") = "ChemistryLab", "ChemistryLab.csproj", "{8116C66B-46DD-9BA1-9A66-4F6CA2A224A5}"
EndProject
Project("{FAE04EC0-301F-11D3-BF4B-00C04F79EFBC}") = "ChemistryLab.Editor", "ChemistryLab.Editor.csproj", "{A5019265-96CE-79FC-6B31-40F893AA9922}"
EndProject
Global
	GlobalSection(SolutionConfigurationPlatforms) = preSolution
		Debug|Any CPU = Debug|Any CPU
		Release|Any CPU = Release|Any CPU
	EndGlobalSection
	GlobalSection(ProjectConfigurationPlatforms) = postSolution
		{8116C66B-46DD-9BA1-9A66-4F6CA2A224A5}.Debug|Any CPU.ActiveCfg = Debug|Any CPU
		{8116C66B-46DD-9BA1-9A66-4F6CA2A224A5}.Debug|Any CPU.Build.0 = Debug|Any CPU
		{8116C66B-46DD-9BA1-9A66-4F6CA2A224A5}.Release|Any CPU.ActiveCfg = Release|Any CPU
		{8116C66B-46DD-9BA1-9A66-4F6CA2A224A5}.Release|Any CPU.Build.0 = Release|Any CPU
		{A5019265-96CE-79FC-6B31-40F893AA9922}.Debug|Any CPU.ActiveCfg = Debug|Any CPU
		{A5019265-96CE-79FC-6B31-40F893AA9922}.Debug|Any CPU.Build.0 = Debug|Any CPU
		{A5019265-96CE-79FC-6B31-40F893AA9922}.Release|Any CPU.ActiveCfg = Release|Any CPU
		{A5019265-96CE-79FC-6B31-40F893AA9922}.Release|Any CPU.Build.0 = Release|Any CPU
	EndGlobalSection
	GlobalSection(SolutionProperties) = preSolution
		HideSolutionNode = FALSE
	EndGlobalSection
EndGlobal
