
Microsoft Visual Studio Solution File, Format Version 11.00
# Visual Studio 2010
Project("{FAE04EC0-301F-11D3-BF4B-00C04F79EFBC}") = "VRlab", "Assembly-CSharp.csproj", "{448026EB-D21E-01AF-4C7B-1BE6C848555E}"
EndProject
Project("{FAE04EC0-301F-11D3-BF4B-00C04F79EFBC}") = "VRlab", "Assembly-CSharp-Editor.csproj", "{8D1E0C4E-3B37-2E64-35EE-D2AE9F2CF8B3}"
EndProject
Global
	GlobalSection(SolutionConfigurationPlatforms) = preSolution
		Debug|Any CPU = Debug|Any CPU
		Release|Any CPU = Release|Any CPU
	EndGlobalSection
	GlobalSection(ProjectConfigurationPlatforms) = postSolution
		{448026EB-D21E-01AF-4C7B-1BE6C848555E}.Debug|Any CPU.ActiveCfg = Debug|Any CPU
		{448026EB-D21E-01AF-4C7B-1BE6C848555E}.Debug|Any CPU.Build.0 = Debug|Any CPU
		{448026EB-D21E-01AF-4C7B-1BE6C848555E}.Release|Any CPU.ActiveCfg = Release|Any CPU
		{448026EB-D21E-01AF-4C7B-1BE6C848555E}.Release|Any CPU.Build.0 = Release|Any CPU
		{8D1E0C4E-3B37-2E64-35EE-D2AE9F2CF8B3}.Debug|Any CPU.ActiveCfg = Debug|Any CPU
		{8D1E0C4E-3B37-2E64-35EE-D2AE9F2CF8B3}.Debug|Any CPU.Build.0 = Debug|Any CPU
		{8D1E0C4E-3B37-2E64-35EE-D2AE9F2CF8B3}.Release|Any CPU.ActiveCfg = Release|Any CPU
		{8D1E0C4E-3B37-2E64-35EE-D2AE9F2CF8B3}.Release|Any CPU.Build.0 = Release|Any CPU
	EndGlobalSection
	GlobalSection(SolutionProperties) = preSolution
		HideSolutionNode = FALSE
	EndGlobalSection
	GlobalSection(MonoDevelopProperties) = preSolution
		StartupItem = Assembly-CSharp.csproj
	EndGlobalSection
EndGlobal
